
Microsoft Visual Studio Solution File, Format Version 10.00
# Visual Studio 2008
Project("{8BC9CEB8-8B4A-11D0-8D11-00A0C91BC942}") = "Demo_02_InputTest", "Demo_02_InputTest.vcproj", "{97857E66-E363-49B4-88C2-F04EB23C0E3A}"
EndProject
Global
	GlobalSection(SolutionConfigurationPlatforms) = preSolution
		Debug|Win32 = Debug|Win32
		Release|Win32 = Release|Win32
	EndGlobalSection
	GlobalSection(ProjectConfigurationPlatforms) = postSolution
		{97857E66-E363-49B4-88C2-F04EB23C0E3A}.Debug|Win32.ActiveCfg = Debug|Win32
		{97857E66-E363-49B4-88C2-F04EB23C0E3A}.Debug|Win32.Build.0 = Debug|Win32
		{97857E66-E363-49B4-88C2-F04EB23C0E3A}.Release|Win32.ActiveCfg = Release|Win32
		{97857E66-E363-49B4-88C2-F04EB23C0E3A}.Release|Win32.Build.0 = Release|Win32
	EndGlobalSection
	GlobalSection(SolutionProperties) = preSolution
		HideSolutionNode = FALSE
	EndGlobalSection
EndGlobal
